{
    "_readme": [
        "This file locks the dependencies of your project to a known state",
        "Read more about it at https://getcomposer.org/doc/01-basic-usage.md#installing-dependencies",
        "This file is @generated automatically"
    ],
    "content-hash": "0686cb653dffd2a64b73eee0fb31f94d",
    "packages": [
        {
            "name": "wpfluent/framework",
            "version": "2.10.5",
            "source": {
                "type": "git",
                "url": "git@github.com:wpfluent/framework.git",
                "reference": "e6c7a57a934513a71497ccdd8c12cd7ca8ac4e33"
            },
            "dist": {
                "type": "zip",
                "url": "https://api.github.com/repos/wpfluent/framework/zipball/e6c7a57a934513a71497ccdd8c12cd7ca8ac4e33",
                "reference": "e6c7a57a934513a71497ccdd8c12cd7ca8ac4e33",
                "shasum": ""
            },
            "require": {
                "ext-json": "*",
                "php": "^7.3|^8.0"
            },
            "type": "library",
            "extra": {
                "branch-alias": {
                    "dev-master": "2.0.x-dev"
                }
            },
            "autoload": {
                "psr-4": {
                    "WPFluent\\": "src/WPFluent"
                }
            },
            "license": [
                "MIT"
            ],
            "authors": [
                {
                    "name": "Sheikh Heera",
                    "email": "heera.sheikh77@gmail.com"
                }
            ],
            "description": "A lightweight rest api based framework to build WordPress plugins.",
            "support": {
                "source": "https://github.com/wpfluent/framework/tree/2.10.5",
                "issues": "https://github.com/wpfluent/framework/issues"
            },
            "time": "2024-09-02T13:57:03+00:00"
        }
    ],
    "packages-dev": [],
    "aliases": [],
    "minimum-stability": "dev",
    "stability-flags": [],
    "prefer-stable": true,
    "prefer-lowest": false,
    "platform": [],
    "platform-dev": [],
    "plugin-api-version": "2.6.0"
}
